
Microsoft Visual Studio Solution File, Format Version 12.00
# Visual Studio Version 17
VisualStudioVersion = 17.10.35013.160
MinimumVisualStudioVersion = 10.0.40219.1
Project("{FAE04EC0-301F-11D3-BF4B-00C04F79EFBC}") = "Module17", "Module17\Module17.csproj", "{C43719C9-BB7F-49E1-BF99-4586F76CEC15}"
EndProject
Project("{FAE04EC0-301F-11D3-BF4B-00C04F79EFBC}") = "SingletonExample", "SingletonExample\SingletonExample.csproj", "{425E1B48-156F-4EBA-9341-7682A5ABAFD2}"
EndProject
Project("{FAE04EC0-301F-11D3-BF4B-00C04F79EFBC}") = "SingletonRealExample", "SingletonRealExample\SingletonRealExample.csproj", "{D4C30805-6EFD-43B2-9AF9-8F1ED76D3CDC}"
EndProject
Project("{FAE04EC0-301F-11D3-BF4B-00C04F79EFBC}") = "AbstractFactoryExample", "AbstractFactoryExample\AbstractFactoryExample.csproj", "{92C60D71-FC42-423C-A22F-7F3FFC2E3797}"
EndProject
Project("{FAE04EC0-301F-11D3-BF4B-00C04F79EFBC}") = "AbstractFactoryRealExample", "AbstractFactoryRealExample\AbstractFactoryRealExample.csproj", "{F8D2713E-3EE4-4237-BD36-94DA0B4F9429}"
EndProject
Project("{FAE04EC0-301F-11D3-BF4B-00C04F79EFBC}") = "FactoryMetodExample", "FactoryMetodExample\FactoryMetodExample.csproj", "{E2360FBC-0E3E-47D9-8C8C-A7B50A871CB8}"
EndProject
Project("{FAE04EC0-301F-11D3-BF4B-00C04F79EFBC}") = "FactoryMethodRealExample", "FactoryMethodRealExample\FactoryMethodRealExample.csproj", "{405F3794-C7FD-4742-AE2B-52C0ECE4EA5A}"
EndProject
Project("{FAE04EC0-301F-11D3-BF4B-00C04F79EFBC}") = "AdapterExample", "AdapterExample\AdapterExample.csproj", "{3E4022EA-33CB-4E1A-9BE1-EA13B69F2CEA}"
EndProject
Project("{FAE04EC0-301F-11D3-BF4B-00C04F79EFBC}") = "AdapterRealExample", "AdapterRealExample\AdapterRealExample.csproj", "{584B3817-817A-4B96-B7EA-E03A9F72121D}"
EndProject
Global
	GlobalSection(SolutionConfigurationPlatforms) = preSolution
		Debug|Any CPU = Debug|Any CPU
		Release|Any CPU = Release|Any CPU
	EndGlobalSection
	GlobalSection(ProjectConfigurationPlatforms) = postSolution
		{C43719C9-BB7F-49E1-BF99-4586F76CEC15}.Debug|Any CPU.ActiveCfg = Debug|Any CPU
		{C43719C9-BB7F-49E1-BF99-4586F76CEC15}.Debug|Any CPU.Build.0 = Debug|Any CPU
		{C43719C9-BB7F-49E1-BF99-4586F76CEC15}.Release|Any CPU.ActiveCfg = Release|Any CPU
		{C43719C9-BB7F-49E1-BF99-4586F76CEC15}.Release|Any CPU.Build.0 = Release|Any CPU
		{425E1B48-156F-4EBA-9341-7682A5ABAFD2}.Debug|Any CPU.ActiveCfg = Debug|Any CPU
		{425E1B48-156F-4EBA-9341-7682A5ABAFD2}.Debug|Any CPU.Build.0 = Debug|Any CPU
		{425E1B48-156F-4EBA-9341-7682A5ABAFD2}.Release|Any CPU.ActiveCfg = Release|Any CPU
		{425E1B48-156F-4EBA-9341-7682A5ABAFD2}.Release|Any CPU.Build.0 = Release|Any CPU
		{D4C30805-6EFD-43B2-9AF9-8F1ED76D3CDC}.Debug|Any CPU.ActiveCfg = Debug|Any CPU
		{D4C30805-6EFD-43B2-9AF9-8F1ED76D3CDC}.Debug|Any CPU.Build.0 = Debug|Any CPU
		{D4C30805-6EFD-43B2-9AF9-8F1ED76D3CDC}.Release|Any CPU.ActiveCfg = Release|Any CPU
		{D4C30805-6EFD-43B2-9AF9-8F1ED76D3CDC}.Release|Any CPU.Build.0 = Release|Any CPU
		{92C60D71-FC42-423C-A22F-7F3FFC2E3797}.Debug|Any CPU.ActiveCfg = Debug|Any CPU
		{92C60D71-FC42-423C-A22F-7F3FFC2E3797}.Debug|Any CPU.Build.0 = Debug|Any CPU
		{92C60D71-FC42-423C-A22F-7F3FFC2E3797}.Release|Any CPU.ActiveCfg = Release|Any CPU
		{92C60D71-FC42-423C-A22F-7F3FFC2E3797}.Release|Any CPU.Build.0 = Release|Any CPU
		{F8D2713E-3EE4-4237-BD36-94DA0B4F9429}.Debug|Any CPU.ActiveCfg = Debug|Any CPU
		{F8D2713E-3EE4-4237-BD36-94DA0B4F9429}.Debug|Any CPU.Build.0 = Debug|Any CPU
		{F8D2713E-3EE4-4237-BD36-94DA0B4F9429}.Release|Any CPU.ActiveCfg = Release|Any CPU
		{F8D2713E-3EE4-4237-BD36-94DA0B4F9429}.Release|Any CPU.Build.0 = Release|Any CPU
		{E2360FBC-0E3E-47D9-8C8C-A7B50A871CB8}.Debug|Any CPU.ActiveCfg = Debug|Any CPU
		{E2360FBC-0E3E-47D9-8C8C-A7B50A871CB8}.Debug|Any CPU.Build.0 = Debug|Any CPU
		{E2360FBC-0E3E-47D9-8C8C-A7B50A871CB8}.Release|Any CPU.ActiveCfg = Release|Any CPU
		{E2360FBC-0E3E-47D9-8C8C-A7B50A871CB8}.Release|Any CPU.Build.0 = Release|Any CPU
		{405F3794-C7FD-4742-AE2B-52C0ECE4EA5A}.Debug|Any CPU.ActiveCfg = Debug|Any CPU
		{405F3794-C7FD-4742-AE2B-52C0ECE4EA5A}.Debug|Any CPU.Build.0 = Debug|Any CPU
		{405F3794-C7FD-4742-AE2B-52C0ECE4EA5A}.Release|Any CPU.ActiveCfg = Release|Any CPU
		{405F3794-C7FD-4742-AE2B-52C0ECE4EA5A}.Release|Any CPU.Build.0 = Release|Any CPU
		{3E4022EA-33CB-4E1A-9BE1-EA13B69F2CEA}.Debug|Any CPU.ActiveCfg = Debug|Any CPU
		{3E4022EA-33CB-4E1A-9BE1-EA13B69F2CEA}.Debug|Any CPU.Build.0 = Debug|Any CPU
		{3E4022EA-33CB-4E1A-9BE1-EA13B69F2CEA}.Release|Any CPU.ActiveCfg = Release|Any CPU
		{3E4022EA-33CB-4E1A-9BE1-EA13B69F2CEA}.Release|Any CPU.Build.0 = Release|Any CPU
		{584B3817-817A-4B96-B7EA-E03A9F72121D}.Debug|Any CPU.ActiveCfg = Debug|Any CPU
		{584B3817-817A-4B96-B7EA-E03A9F72121D}.Debug|Any CPU.Build.0 = Debug|Any CPU
		{584B3817-817A-4B96-B7EA-E03A9F72121D}.Release|Any CPU.ActiveCfg = Release|Any CPU
		{584B3817-817A-4B96-B7EA-E03A9F72121D}.Release|Any CPU.Build.0 = Release|Any CPU
	EndGlobalSection
	GlobalSection(SolutionProperties) = preSolution
		HideSolutionNode = FALSE
	EndGlobalSection
	GlobalSection(ExtensibilityGlobals) = postSolution
		SolutionGuid = {32CC66C6-6A57-4FEE-9431-6EE8BC637C88}
	EndGlobalSection
EndGlobal
