
Microsoft Visual Studio Solution File, Format Version 12.00
# Visual Studio Version 17
VisualStudioVersion = 17.10.35013.160
MinimumVisualStudioVersion = 10.0.40219.1
Project("{FAE04EC0-301F-11D3-BF4B-00C04F79EFBC}") = "Module17", "Module17\Module17.csproj", "{C43719C9-BB7F-49E1-BF99-4586F76CEC15}"
EndProject
Project("{FAE04EC0-301F-11D3-BF4B-00C04F79EFBC}") = "SingletonExample", "SingletonExample\SingletonExample.csproj", "{425E1B48-156F-4EBA-9341-7682A5ABAFD2}"
EndProject
Project("{FAE04EC0-301F-11D3-BF4B-00C04F79EFBC}") = "SingletonRealExample", "SingletonRealExample\SingletonRealExample.csproj", "{D4C30805-6EFD-43B2-9AF9-8F1ED76D3CDC}"
EndProject
Project("{FAE04EC0-301F-11D3-BF4B-00C04F79EFBC}") = "AbstractFactoryExample", "AbstractFactoryExample\AbstractFactoryExample.csproj", "{92C60D71-FC42-423C-A22F-7F3FFC2E3797}"
EndProject
Project("{FAE04EC0-301F-11D3-BF4B-00C04F79EFBC}") = "AbstractFactoryRealExample", "AbstractFactoryRealExample\AbstractFactoryRealExample.csproj", "{F8D2713E-3EE4-4237-BD36-94DA0B4F9429}"
EndProject
Project("{FAE04EC0-301F-11D3-BF4B-00C04F79EFBC}") = "FactoryMetodExample", "FactoryMetodExample\FactoryMetodExample.csproj", "{E2360FBC-0E3E-47D9-8C8C-A7B50A871CB8}"
EndProject
Project("{FAE04EC0-301F-11D3-BF4B-00C04F79EFBC}") = "FactoryMethodRealExample", "FactoryMethodRealExample\FactoryMethodRealExample.csproj", "{405F3794-C7FD-4742-AE2B-52C0ECE4EA5A}"
EndProject
Project("{FAE04EC0-301F-11D3-BF4B-00C04F79EFBC}") = "AdapterExample", "AdapterExample\AdapterExample.csproj", "{3E4022EA-33CB-4E1A-9BE1-EA13B69F2CEA}"
EndProject
Project("{FAE04EC0-301F-11D3-BF4B-00C04F79EFBC}") = "AdapterRealExample", "AdapterRealExample\AdapterRealExample.csproj", "{584B3817-817A-4B96-B7EA-E03A9F72121D}"
EndProject
Project("{FAE04EC0-301F-11D3-BF4B-00C04F79EFBC}") = "CompositeExample", "CompositeExample\CompositeExample.csproj", "{8B0BD297-E1E9-4F3C-967B-3637254CF845}"
EndProject
Project("{FAE04EC0-301F-11D3-BF4B-00C04F79EFBC}") = "Facade", "Facade\Facade.csproj", "{6636691B-D470-4058-8DD8-66EE7B3EEDB9}"
EndProject
Project("{FAE04EC0-301F-11D3-BF4B-00C04F79EFBC}") = "FacadeRealExample", "FacadeRealExample\FacadeRealExample.csproj", "{FFB20A8B-E0DF-4AC2-9FDE-BBA194B51A65}"
EndProject
Project("{FAE04EC0-301F-11D3-BF4B-00C04F79EFBC}") = "ChainOfResponsibilityExample", "ChainOfResponsibilityExample\ChainOfResponsibilityExample.csproj", "{5BAE995E-6468-42CC-A4BE-B2028BA0AF49}"
EndProject
Project("{FAE04EC0-301F-11D3-BF4B-00C04F79EFBC}") = "ChainOfResponsibilityRealExample", "ChainOfResponsibilityRealExample\ChainOfResponsibilityRealExample.csproj", "{E5535AAD-3AF9-4FFE-BD4B-6130719BDD20}"
EndProject
Project("{FAE04EC0-301F-11D3-BF4B-00C04F79EFBC}") = "StateExample", "StateExample\StateExample.csproj", "{23BE8B44-29B3-489C-A772-2CFF5D2F1EEF}"
EndProject
Project("{FAE04EC0-301F-11D3-BF4B-00C04F79EFBC}") = "StateRealExample", "StateRealExample\StateRealExample.csproj", "{CB0F6199-99DE-4A7F-A1BC-AC9526BB04E7}"
EndProject
Project("{FAE04EC0-301F-11D3-BF4B-00C04F79EFBC}") = "ObserverExample", "ObserverExample\ObserverExample.csproj", "{B6F9A28D-653A-4CB3-8BE7-905971C573CE}"
EndProject
Project("{FAE04EC0-301F-11D3-BF4B-00C04F79EFBC}") = "ObserverRealExample", "ObserverRealExample\ObserverRealExample.csproj", "{5AC39CDB-8396-4D1F-BB7B-C1E3E9B64B95}"
EndProject
Project("{2150E333-8FDC-42A3-9474-1A3956D46DE8}") = "Solid", "Solid", "{BAED9E14-46E0-4A3B-B480-B79146A19CDF}"
EndProject
Project("{FAE04EC0-301F-11D3-BF4B-00C04F79EFBC}") = "SingleResponsibility", "SingleResponsibility\SingleResponsibility.csproj", "{4D22F5EA-81EB-4DA8-873A-91BF2B30A3E2}"
EndProject
Project("{2150E333-8FDC-42A3-9474-1A3956D46DE8}") = "GenerativePatterns", "GenerativePatterns", "{0F46ADC4-597C-40E8-B790-852C9C2E2DC3}"
EndProject
Project("{2150E333-8FDC-42A3-9474-1A3956D46DE8}") = "StructuralPatterns", "StructuralPatterns", "{624CC767-21BF-49D9-99EA-A40C386C6DE4}"
EndProject
Project("{2150E333-8FDC-42A3-9474-1A3956D46DE8}") = "BehavioralPatterns", "BehavioralPatterns", "{B70FD162-C954-4A60-9A00-146B30DC2914}"
EndProject
Project("{FAE04EC0-301F-11D3-BF4B-00C04F79EFBC}") = "OpenClosedPrinciple", "OpenClosedPrinciple\OpenClosedPrinciple.csproj", "{A2036F02-C149-44A7-B74E-3AA677AA8665}"
EndProject
Project("{FAE04EC0-301F-11D3-BF4B-00C04F79EFBC}") = "LiskovSubstitutionPrinciple", "LiskovSubstitutionPrinciple\LiskovSubstitutionPrinciple.csproj", "{CBCFA025-F0FC-425E-A242-9A70287AAEA2}"
EndProject
Global
	GlobalSection(SolutionConfigurationPlatforms) = preSolution
		Debug|Any CPU = Debug|Any CPU
		Release|Any CPU = Release|Any CPU
	EndGlobalSection
	GlobalSection(ProjectConfigurationPlatforms) = postSolution
		{C43719C9-BB7F-49E1-BF99-4586F76CEC15}.Debug|Any CPU.ActiveCfg = Debug|Any CPU
		{C43719C9-BB7F-49E1-BF99-4586F76CEC15}.Debug|Any CPU.Build.0 = Debug|Any CPU
		{C43719C9-BB7F-49E1-BF99-4586F76CEC15}.Release|Any CPU.ActiveCfg = Release|Any CPU
		{C43719C9-BB7F-49E1-BF99-4586F76CEC15}.Release|Any CPU.Build.0 = Release|Any CPU
		{425E1B48-156F-4EBA-9341-7682A5ABAFD2}.Debug|Any CPU.ActiveCfg = Debug|Any CPU
		{425E1B48-156F-4EBA-9341-7682A5ABAFD2}.Debug|Any CPU.Build.0 = Debug|Any CPU
		{425E1B48-156F-4EBA-9341-7682A5ABAFD2}.Release|Any CPU.ActiveCfg = Release|Any CPU
		{425E1B48-156F-4EBA-9341-7682A5ABAFD2}.Release|Any CPU.Build.0 = Release|Any CPU
		{D4C30805-6EFD-43B2-9AF9-8F1ED76D3CDC}.Debug|Any CPU.ActiveCfg = Debug|Any CPU
		{D4C30805-6EFD-43B2-9AF9-8F1ED76D3CDC}.Debug|Any CPU.Build.0 = Debug|Any CPU
		{D4C30805-6EFD-43B2-9AF9-8F1ED76D3CDC}.Release|Any CPU.ActiveCfg = Release|Any CPU
		{D4C30805-6EFD-43B2-9AF9-8F1ED76D3CDC}.Release|Any CPU.Build.0 = Release|Any CPU
		{92C60D71-FC42-423C-A22F-7F3FFC2E3797}.Debug|Any CPU.ActiveCfg = Debug|Any CPU
		{92C60D71-FC42-423C-A22F-7F3FFC2E3797}.Debug|Any CPU.Build.0 = Debug|Any CPU
		{92C60D71-FC42-423C-A22F-7F3FFC2E3797}.Release|Any CPU.ActiveCfg = Release|Any CPU
		{92C60D71-FC42-423C-A22F-7F3FFC2E3797}.Release|Any CPU.Build.0 = Release|Any CPU
		{F8D2713E-3EE4-4237-BD36-94DA0B4F9429}.Debug|Any CPU.ActiveCfg = Debug|Any CPU
		{F8D2713E-3EE4-4237-BD36-94DA0B4F9429}.Debug|Any CPU.Build.0 = Debug|Any CPU
		{F8D2713E-3EE4-4237-BD36-94DA0B4F9429}.Release|Any CPU.ActiveCfg = Release|Any CPU
		{F8D2713E-3EE4-4237-BD36-94DA0B4F9429}.Release|Any CPU.Build.0 = Release|Any CPU
		{E2360FBC-0E3E-47D9-8C8C-A7B50A871CB8}.Debug|Any CPU.ActiveCfg = Debug|Any CPU
		{E2360FBC-0E3E-47D9-8C8C-A7B50A871CB8}.Debug|Any CPU.Build.0 = Debug|Any CPU
		{E2360FBC-0E3E-47D9-8C8C-A7B50A871CB8}.Release|Any CPU.ActiveCfg = Release|Any CPU
		{E2360FBC-0E3E-47D9-8C8C-A7B50A871CB8}.Release|Any CPU.Build.0 = Release|Any CPU
		{405F3794-C7FD-4742-AE2B-52C0ECE4EA5A}.Debug|Any CPU.ActiveCfg = Debug|Any CPU
		{405F3794-C7FD-4742-AE2B-52C0ECE4EA5A}.Debug|Any CPU.Build.0 = Debug|Any CPU
		{405F3794-C7FD-4742-AE2B-52C0ECE4EA5A}.Release|Any CPU.ActiveCfg = Release|Any CPU
		{405F3794-C7FD-4742-AE2B-52C0ECE4EA5A}.Release|Any CPU.Build.0 = Release|Any CPU
		{3E4022EA-33CB-4E1A-9BE1-EA13B69F2CEA}.Debug|Any CPU.ActiveCfg = Debug|Any CPU
		{3E4022EA-33CB-4E1A-9BE1-EA13B69F2CEA}.Debug|Any CPU.Build.0 = Debug|Any CPU
		{3E4022EA-33CB-4E1A-9BE1-EA13B69F2CEA}.Release|Any CPU.ActiveCfg = Release|Any CPU
		{3E4022EA-33CB-4E1A-9BE1-EA13B69F2CEA}.Release|Any CPU.Build.0 = Release|Any CPU
		{584B3817-817A-4B96-B7EA-E03A9F72121D}.Debug|Any CPU.ActiveCfg = Debug|Any CPU
		{584B3817-817A-4B96-B7EA-E03A9F72121D}.Debug|Any CPU.Build.0 = Debug|Any CPU
		{584B3817-817A-4B96-B7EA-E03A9F72121D}.Release|Any CPU.ActiveCfg = Release|Any CPU
		{584B3817-817A-4B96-B7EA-E03A9F72121D}.Release|Any CPU.Build.0 = Release|Any CPU
		{8B0BD297-E1E9-4F3C-967B-3637254CF845}.Debug|Any CPU.ActiveCfg = Debug|Any CPU
		{8B0BD297-E1E9-4F3C-967B-3637254CF845}.Debug|Any CPU.Build.0 = Debug|Any CPU
		{8B0BD297-E1E9-4F3C-967B-3637254CF845}.Release|Any CPU.ActiveCfg = Release|Any CPU
		{8B0BD297-E1E9-4F3C-967B-3637254CF845}.Release|Any CPU.Build.0 = Release|Any CPU
		{6636691B-D470-4058-8DD8-66EE7B3EEDB9}.Debug|Any CPU.ActiveCfg = Debug|Any CPU
		{6636691B-D470-4058-8DD8-66EE7B3EEDB9}.Debug|Any CPU.Build.0 = Debug|Any CPU
		{6636691B-D470-4058-8DD8-66EE7B3EEDB9}.Release|Any CPU.ActiveCfg = Release|Any CPU
		{6636691B-D470-4058-8DD8-66EE7B3EEDB9}.Release|Any CPU.Build.0 = Release|Any CPU
		{FFB20A8B-E0DF-4AC2-9FDE-BBA194B51A65}.Debug|Any CPU.ActiveCfg = Debug|Any CPU
		{FFB20A8B-E0DF-4AC2-9FDE-BBA194B51A65}.Debug|Any CPU.Build.0 = Debug|Any CPU
		{FFB20A8B-E0DF-4AC2-9FDE-BBA194B51A65}.Release|Any CPU.ActiveCfg = Release|Any CPU
		{FFB20A8B-E0DF-4AC2-9FDE-BBA194B51A65}.Release|Any CPU.Build.0 = Release|Any CPU
		{5BAE995E-6468-42CC-A4BE-B2028BA0AF49}.Debug|Any CPU.ActiveCfg = Debug|Any CPU
		{5BAE995E-6468-42CC-A4BE-B2028BA0AF49}.Debug|Any CPU.Build.0 = Debug|Any CPU
		{5BAE995E-6468-42CC-A4BE-B2028BA0AF49}.Release|Any CPU.ActiveCfg = Release|Any CPU
		{5BAE995E-6468-42CC-A4BE-B2028BA0AF49}.Release|Any CPU.Build.0 = Release|Any CPU
		{E5535AAD-3AF9-4FFE-BD4B-6130719BDD20}.Debug|Any CPU.ActiveCfg = Debug|Any CPU
		{E5535AAD-3AF9-4FFE-BD4B-6130719BDD20}.Debug|Any CPU.Build.0 = Debug|Any CPU
		{E5535AAD-3AF9-4FFE-BD4B-6130719BDD20}.Release|Any CPU.ActiveCfg = Release|Any CPU
		{E5535AAD-3AF9-4FFE-BD4B-6130719BDD20}.Release|Any CPU.Build.0 = Release|Any CPU
		{23BE8B44-29B3-489C-A772-2CFF5D2F1EEF}.Debug|Any CPU.ActiveCfg = Debug|Any CPU
		{23BE8B44-29B3-489C-A772-2CFF5D2F1EEF}.Debug|Any CPU.Build.0 = Debug|Any CPU
		{23BE8B44-29B3-489C-A772-2CFF5D2F1EEF}.Release|Any CPU.ActiveCfg = Release|Any CPU
		{23BE8B44-29B3-489C-A772-2CFF5D2F1EEF}.Release|Any CPU.Build.0 = Release|Any CPU
		{CB0F6199-99DE-4A7F-A1BC-AC9526BB04E7}.Debug|Any CPU.ActiveCfg = Debug|Any CPU
		{CB0F6199-99DE-4A7F-A1BC-AC9526BB04E7}.Debug|Any CPU.Build.0 = Debug|Any CPU
		{CB0F6199-99DE-4A7F-A1BC-AC9526BB04E7}.Release|Any CPU.ActiveCfg = Release|Any CPU
		{CB0F6199-99DE-4A7F-A1BC-AC9526BB04E7}.Release|Any CPU.Build.0 = Release|Any CPU
		{B6F9A28D-653A-4CB3-8BE7-905971C573CE}.Debug|Any CPU.ActiveCfg = Debug|Any CPU
		{B6F9A28D-653A-4CB3-8BE7-905971C573CE}.Debug|Any CPU.Build.0 = Debug|Any CPU
		{B6F9A28D-653A-4CB3-8BE7-905971C573CE}.Release|Any CPU.ActiveCfg = Release|Any CPU
		{B6F9A28D-653A-4CB3-8BE7-905971C573CE}.Release|Any CPU.Build.0 = Release|Any CPU
		{5AC39CDB-8396-4D1F-BB7B-C1E3E9B64B95}.Debug|Any CPU.ActiveCfg = Debug|Any CPU
		{5AC39CDB-8396-4D1F-BB7B-C1E3E9B64B95}.Debug|Any CPU.Build.0 = Debug|Any CPU
		{5AC39CDB-8396-4D1F-BB7B-C1E3E9B64B95}.Release|Any CPU.ActiveCfg = Release|Any CPU
		{5AC39CDB-8396-4D1F-BB7B-C1E3E9B64B95}.Release|Any CPU.Build.0 = Release|Any CPU
		{4D22F5EA-81EB-4DA8-873A-91BF2B30A3E2}.Debug|Any CPU.ActiveCfg = Debug|Any CPU
		{4D22F5EA-81EB-4DA8-873A-91BF2B30A3E2}.Debug|Any CPU.Build.0 = Debug|Any CPU
		{4D22F5EA-81EB-4DA8-873A-91BF2B30A3E2}.Release|Any CPU.ActiveCfg = Release|Any CPU
		{4D22F5EA-81EB-4DA8-873A-91BF2B30A3E2}.Release|Any CPU.Build.0 = Release|Any CPU
		{A2036F02-C149-44A7-B74E-3AA677AA8665}.Debug|Any CPU.ActiveCfg = Debug|Any CPU
		{A2036F02-C149-44A7-B74E-3AA677AA8665}.Debug|Any CPU.Build.0 = Debug|Any CPU
		{A2036F02-C149-44A7-B74E-3AA677AA8665}.Release|Any CPU.ActiveCfg = Release|Any CPU
		{A2036F02-C149-44A7-B74E-3AA677AA8665}.Release|Any CPU.Build.0 = Release|Any CPU
		{CBCFA025-F0FC-425E-A242-9A70287AAEA2}.Debug|Any CPU.ActiveCfg = Debug|Any CPU
		{CBCFA025-F0FC-425E-A242-9A70287AAEA2}.Debug|Any CPU.Build.0 = Debug|Any CPU
		{CBCFA025-F0FC-425E-A242-9A70287AAEA2}.Release|Any CPU.ActiveCfg = Release|Any CPU
		{CBCFA025-F0FC-425E-A242-9A70287AAEA2}.Release|Any CPU.Build.0 = Release|Any CPU
	EndGlobalSection
	GlobalSection(SolutionProperties) = preSolution
		HideSolutionNode = FALSE
	EndGlobalSection
	GlobalSection(NestedProjects) = preSolution
		{425E1B48-156F-4EBA-9341-7682A5ABAFD2} = {0F46ADC4-597C-40E8-B790-852C9C2E2DC3}
		{D4C30805-6EFD-43B2-9AF9-8F1ED76D3CDC} = {0F46ADC4-597C-40E8-B790-852C9C2E2DC3}
		{92C60D71-FC42-423C-A22F-7F3FFC2E3797} = {0F46ADC4-597C-40E8-B790-852C9C2E2DC3}
		{F8D2713E-3EE4-4237-BD36-94DA0B4F9429} = {0F46ADC4-597C-40E8-B790-852C9C2E2DC3}
		{E2360FBC-0E3E-47D9-8C8C-A7B50A871CB8} = {0F46ADC4-597C-40E8-B790-852C9C2E2DC3}
		{405F3794-C7FD-4742-AE2B-52C0ECE4EA5A} = {0F46ADC4-597C-40E8-B790-852C9C2E2DC3}
		{3E4022EA-33CB-4E1A-9BE1-EA13B69F2CEA} = {624CC767-21BF-49D9-99EA-A40C386C6DE4}
		{584B3817-817A-4B96-B7EA-E03A9F72121D} = {624CC767-21BF-49D9-99EA-A40C386C6DE4}
		{8B0BD297-E1E9-4F3C-967B-3637254CF845} = {624CC767-21BF-49D9-99EA-A40C386C6DE4}
		{6636691B-D470-4058-8DD8-66EE7B3EEDB9} = {624CC767-21BF-49D9-99EA-A40C386C6DE4}
		{FFB20A8B-E0DF-4AC2-9FDE-BBA194B51A65} = {624CC767-21BF-49D9-99EA-A40C386C6DE4}
		{5BAE995E-6468-42CC-A4BE-B2028BA0AF49} = {B70FD162-C954-4A60-9A00-146B30DC2914}
		{E5535AAD-3AF9-4FFE-BD4B-6130719BDD20} = {B70FD162-C954-4A60-9A00-146B30DC2914}
		{23BE8B44-29B3-489C-A772-2CFF5D2F1EEF} = {B70FD162-C954-4A60-9A00-146B30DC2914}
		{CB0F6199-99DE-4A7F-A1BC-AC9526BB04E7} = {B70FD162-C954-4A60-9A00-146B30DC2914}
		{B6F9A28D-653A-4CB3-8BE7-905971C573CE} = {B70FD162-C954-4A60-9A00-146B30DC2914}
		{5AC39CDB-8396-4D1F-BB7B-C1E3E9B64B95} = {B70FD162-C954-4A60-9A00-146B30DC2914}
		{4D22F5EA-81EB-4DA8-873A-91BF2B30A3E2} = {BAED9E14-46E0-4A3B-B480-B79146A19CDF}
		{A2036F02-C149-44A7-B74E-3AA677AA8665} = {BAED9E14-46E0-4A3B-B480-B79146A19CDF}
		{CBCFA025-F0FC-425E-A242-9A70287AAEA2} = {BAED9E14-46E0-4A3B-B480-B79146A19CDF}
	EndGlobalSection
	GlobalSection(ExtensibilityGlobals) = postSolution
		SolutionGuid = {32CC66C6-6A57-4FEE-9431-6EE8BC637C88}
	EndGlobalSection
EndGlobal
